<?xml version="1.0" encoding="utf-8"?>
<Project ToolsVersion="4.0" xmlns="http://schemas.microsoft.com/developer/msbuild/2003">
  <ItemGroup>
    <Filter Include="Source Files">
      <UniqueIdentifier>{ab53a98f-1631-48b8-8574-e992dcf7a97f}</UniqueIdentifier>
      <Extensions>cpp;c;cxx;def;odl;idl;hpj;bat;asm</Extensions>
    </Filter>
    <Filter Include="Header Files">
      <UniqueIdentifier>{f6c2e00a-716e-4148-b128-25b5fbc765b5}</UniqueIdentifier>
      <Extensions>h;hpp;hxx;hm;inl;inc</Extensions>
    </Filter>
    <Filter Include="Resource Files">
      <UniqueIdentifier>{bf16dfc8-f8f7-4cbb-997c-e42dbbd75e49}</UniqueIdentifier>
      <Extensions>rc;ico;cur;bmp;dlg;rc2;rct;bin;rgs;jpg;jpeg;jpe;manifest</Extensions>
    </Filter>
    <Filter Include="dmp">
      <UniqueIdentifier>{4dab8e81-028b-4b73-bd89-c54f9adfd58b}</UniqueIdentifier>
    </Filter>
  </ItemGroup>
  <ItemGroup>
    <ClCompile Include="stdafx.cpp">
      <Filter>Source Files</Filter>
    </ClCompile>
    <ClCompile Include="HackerGuardian.cpp">
      <Filter>Source Files</Filter>
    </ClCompile>
    <ClCompile Include="strdef.cpp">
      <Filter>Source Files</Filter>
    </ClCompile>
    <ClCompile Include="HGDriver.cpp">
      <Filter>Source Files</Filter>
    </ClCompile>
    <ClCompile Include="..\references\dmp\MyExceptionManager.cpp">
      <Filter>dmp</Filter>
    </ClCompile>
    <ClCompile Include="LVProcess.cpp">
      <Filter>Source Files</Filter>
    </ClCompile>
    <ClCompile Include="hguidef.cpp">
      <Filter>Source Files</Filter>
    </ClCompile>
    <ClCompile Include="UIBase.cpp">
      <Filter>Source Files</Filter>
    </ClCompile>
    <ClCompile Include="LVDriver.cpp">
      <Filter>Source Files</Filter>
    </ClCompile>
    <ClCompile Include="LVKernel.cpp">
      <Filter>Source Files</Filter>
    </ClCompile>
    <ClCompile Include="LVHook.cpp">
      <Filter>Source Files</Filter>
    </ClCompile>
    <ClCompile Include="HexEditor.cpp">
      <Filter>Source Files</Filter>
    </ClCompile>
  </ItemGroup>
  <ItemGroup>
    <ClInclude Include="stdafx.h">
      <Filter>Header Files</Filter>
    </ClInclude>
    <ClInclude Include="MainFrm.h">
      <Filter>Header Files</Filter>
    </ClInclude>
    <ClInclude Include="HackerGuardianView.h">
      <Filter>Header Files</Filter>
    </ClInclude>
    <ClInclude Include="AboutDlg.h">
      <Filter>Header Files</Filter>
    </ClInclude>
    <ClInclude Include="resource.h">
      <Filter>Header Files</Filter>
    </ClInclude>
    <ClInclude Include="Ribbon.h">
      <Filter>Header Files</Filter>
    </ClInclude>
    <ClInclude Include="hguidef.h">
      <Filter>Header Files</Filter>
    </ClInclude>
    <ClInclude Include="LVProcess.h">
      <Filter>Header Files</Filter>
    </ClInclude>
    <ClInclude Include="strdef.h">
      <Filter>Header Files</Filter>
    </ClInclude>
    <ClInclude Include="HGDriver.h">
      <Filter>Header Files</Filter>
    </ClInclude>
    <ClInclude Include="..\references\dmp\MyExceptionManager.h">
      <Filter>dmp</Filter>
    </ClInclude>
    <ClInclude Include="UIBase.h">
      <Filter>Header Files</Filter>
    </ClInclude>
    <ClInclude Include="LVDriver.h">
      <Filter>Header Files</Filter>
    </ClInclude>
    <ClInclude Include="LVKernel.h">
      <Filter>Header Files</Filter>
    </ClInclude>
    <ClInclude Include="LVHook.h">
      <Filter>Header Files</Filter>
    </ClInclude>
    <ClInclude Include="HexEditor.h">
      <Filter>Header Files</Filter>
    </ClInclude>
    <ClInclude Include="atlgdix.h">
      <Filter>Header Files</Filter>
    </ClInclude>
    <ClInclude Include="atlwfile.h">
      <Filter>Header Files</Filter>
    </ClInclude>
    <ClInclude Include="HexEditorDlg.h">
      <Filter>Header Files</Filter>
    </ClInclude>
    <ClInclude Include="DisassemblerDlg.h">
      <Filter>Header Files</Filter>
    </ClInclude>
    <ClInclude Include="MemoryChangeProtectionDlg.h">
      <Filter>Header Files</Filter>
    </ClInclude>
    <ClInclude Include="ListDict.h">
      <Filter>Header Files</Filter>
    </ClInclude>
  </ItemGroup>
  <ItemGroup>
    <ResourceCompile Include="HackerGuardian.rc">
      <Filter>Resource Files</Filter>
    </ResourceCompile>
  </ItemGroup>
  <ItemGroup>
    <None Include="res\toolbar.bmp">
      <Filter>Resource Files</Filter>
    </None>
    <None Include="res\HackerGuardian.ico">
      <Filter>Resource Files</Filter>
    </None>
    <None Include="res\filelarge.bmp">
      <Filter>Resource Files</Filter>
    </None>
    <None Include="res\ProcessDefault.ico">
      <Filter>Resource Files</Filter>
    </None>
    <None Include="res\CloseDir.ico">
      <Filter>Resource Files</Filter>
    </None>
  </ItemGroup>
  <ItemGroup>
    <CustomBuild Include="Ribbon.xml" />
  </ItemGroup>
</Project>